
Microsoft Visual Studio Solution File, Format Version 12.00
Project("{FAE04EC0-301F-11D3-BF4B-00C04F79EFBC}") = "Interpreted-Language", "Interpreted-Language\Interpreted-Language.csproj", "{6302AD66-FEBA-46E9-A7BE-9F7DF01FACF5}"
EndProject
Project("{FAE04EC0-301F-11D3-BF4B-00C04F79EFBC}") = "Interpreted-Language.Examples", "Interpreted-Language.Examples\Interpreted-Language.Examples.csproj", "{6ABCF65A-B337-4264-A59D-5F79AA2A8E61}"
EndProject
Global
	GlobalSection(SolutionConfigurationPlatforms) = preSolution
		Debug|Any CPU = Debug|Any CPU
		Release|Any CPU = Release|Any CPU
	EndGlobalSection
	GlobalSection(ProjectConfigurationPlatforms) = postSolution
		{6302AD66-FEBA-46E9-A7BE-9F7DF01FACF5}.Debug|Any CPU.ActiveCfg = Debug|Any CPU
		{6302AD66-FEBA-46E9-A7BE-9F7DF01FACF5}.Debug|Any CPU.Build.0 = Debug|Any CPU
		{6302AD66-FEBA-46E9-A7BE-9F7DF01FACF5}.Release|Any CPU.ActiveCfg = Release|Any CPU
		{6302AD66-FEBA-46E9-A7BE-9F7DF01FACF5}.Release|Any CPU.Build.0 = Release|Any CPU
		{6ABCF65A-B337-4264-A59D-5F79AA2A8E61}.Debug|Any CPU.ActiveCfg = Debug|Any CPU
		{6ABCF65A-B337-4264-A59D-5F79AA2A8E61}.Debug|Any CPU.Build.0 = Debug|Any CPU
		{6ABCF65A-B337-4264-A59D-5F79AA2A8E61}.Release|Any CPU.ActiveCfg = Release|Any CPU
		{6ABCF65A-B337-4264-A59D-5F79AA2A8E61}.Release|Any CPU.Build.0 = Release|Any CPU
	EndGlobalSection
EndGlobal
